// !$*UTF8*$!
{
	archiveVersion = 1;
	classes = {
	};
	objectVersion = 46;
	objects = {

/* Begin PBXBuildFile section */
		74C3486C1E1DDBA400E93046 /* AMapFoundationKit.framework in Frameworks */ = {isa = PBXBuildFile; fileRef = 74DD9C501E1CFF11008420CF /* AMapFoundationKit.framework */; };
		74C3486D1E1DDBA400E93046 /* AMapLocationKit.framework in Frameworks */ = {isa = PBXBuildFile; fileRef = 74DD9C511E1CFF11008420CF /* AMapLocationKit.framework */; };
		74DD9C411E1CFE8D008420CF /* RCTHaMap.h in CopyFiles */ = {isa = PBXBuildFile; fileRef = 74DD9C401E1CFE8D008420CF /* RCTHaMap.h */; };
		74DD9C431E1CFE8D008420CF /* RCTHaMap.m in Sources */ = {isa = PBXBuildFile; fileRef = 74DD9C421E1CFE8D008420CF /* RCTHaMap.m */; };
		74DD9C561E1D06F1008420CF /* JavaScriptCore.framework in Frameworks */ = {isa = PBXBuildFile; fileRef = 74DD9C551E1D06F1008420CF /* JavaScriptCore.framework */; };
		74DD9C581E1D06F7008420CF /* SystemConfiguration.framework in Frameworks */ = {isa = PBXBuildFile; fileRef = 74DD9C571E1D06F7008420CF /* SystemConfiguration.framework */; };
		74DD9C5A1E1D06FF008420CF /* CoreTelephony.framework in Frameworks */ = {isa = PBXBuildFile; fileRef = 74DD9C591E1D06FF008420CF /* CoreTelephony.framework */; };
		74DD9C5C1E1D0709008420CF /* Security.framework in Frameworks */ = {isa = PBXBuildFile; fileRef = 74DD9C5B1E1D0709008420CF /* Security.framework */; };
/* End PBXBuildFile section */

/* Begin PBXCopyFilesBuildPhase section */
		74DD9C3B1E1CFE8D008420CF /* CopyFiles */ = {
			isa = PBXCopyFilesBuildPhase;
			buildActionMask = 2147483647;
			dstPath = "include/$(PRODUCT_NAME)";
			dstSubfolderSpec = 16;
			files = (
				74DD9C411E1CFE8D008420CF /* RCTHaMap.h in CopyFiles */,
			);
			runOnlyForDeploymentPostprocessing = 0;
		};
/* End PBXCopyFilesBuildPhase section */

/* Begin PBXFileReference section */
		74DD9C3D1E1CFE8D008420CF /* libRCTHaMap.a */ = {isa = PBXFileReference; explicitFileType = archive.ar; includeInIndex = 0; path = libRCTHaMap.a; sourceTree = BUILT_PRODUCTS_DIR; };
		74DD9C401E1CFE8D008420CF /* RCTHaMap.h */ = {isa = PBXFileReference; lastKnownFileType = sourcecode.c.h; path = RCTHaMap.h; sourceTree = "<group>"; };
		74DD9C421E1CFE8D008420CF /* RCTHaMap.m */ = {isa = PBXFileReference; lastKnownFileType = sourcecode.c.objc; path = RCTHaMap.m; sourceTree = "<group>"; };
		74DD9C501E1CFF11008420CF /* AMapFoundationKit.framework */ = {isa = PBXFileReference; lastKnownFileType = wrapper.framework; path = AMapFoundationKit.framework; sourceTree = "<group>"; };
		74DD9C511E1CFF11008420CF /* AMapLocationKit.framework */ = {isa = PBXFileReference; lastKnownFileType = wrapper.framework; path = AMapLocationKit.framework; sourceTree = "<group>"; };
		74DD9C551E1D06F1008420CF /* JavaScriptCore.framework */ = {isa = PBXFileReference; lastKnownFileType = wrapper.framework; name = JavaScriptCore.framework; path = System/Library/Frameworks/JavaScriptCore.framework; sourceTree = SDKROOT; };
		74DD9C571E1D06F7008420CF /* SystemConfiguration.framework */ = {isa = PBXFileReference; lastKnownFileType = wrapper.framework; name = SystemConfiguration.framework; path = System/Library/Frameworks/SystemConfiguration.framework; sourceTree = SDKROOT; };
		74DD9C591E1D06FF008420CF /* CoreTelephony.framework */ = {isa = PBXFileReference; lastKnownFileType = wrapper.framework; name = CoreTelephony.framework; path = System/Library/Frameworks/CoreTelephony.framework; sourceTree = SDKROOT; };
		74DD9C5B1E1D0709008420CF /* Security.framework */ = {isa = PBXFileReference; lastKnownFileType = wrapper.framework; name = Security.framework; path = System/Library/Frameworks/Security.framework; sourceTree = SDKROOT; };
/* End PBXFileReference section */

/* Begin PBXFrameworksBuildPhase section */
		74DD9C3A1E1CFE8D008420CF /* Frameworks */ = {
			isa = PBXFrameworksBuildPhase;
			buildActionMask = 2147483647;
			files = (
				74C3486C1E1DDBA400E93046 /* AMapFoundationKit.framework in Frameworks */,
				74C3486D1E1DDBA400E93046 /* AMapLocationKit.framework in Frameworks */,
				74DD9C5C1E1D0709008420CF /* Security.framework in Frameworks */,
				74DD9C5A1E1D06FF008420CF /* CoreTelephony.framework in Frameworks */,
				74DD9C581E1D06F7008420CF /* SystemConfiguration.framework in Frameworks */,
				74DD9C561E1D06F1008420CF /* JavaScriptCore.framework in Frameworks */,
			);
			runOnlyForDeploymentPostprocessing = 0;
		};
/* End PBXFrameworksBuildPhase section */

/* Begin PBXGroup section */
		74DD9C341E1CFE8D008420CF = {
			isa = PBXGroup;
			children = (
				74DD9C4F1E1CFF11008420CF /* Framework */,
				74DD9C3F1E1CFE8D008420CF /* RCTHaMap */,
				74DD9C3E1E1CFE8D008420CF /* Products */,
			);
			sourceTree = "<group>";
		};
		74DD9C3E1E1CFE8D008420CF /* Products */ = {
			isa = PBXGroup;
			children = (
				74DD9C3D1E1CFE8D008420CF /* libRCTHaMap.a */,
			);
			name = Products;
			sourceTree = "<group>";
		};
		74DD9C3F1E1CFE8D008420CF /* RCTHaMap */ = {
			isa = PBXGroup;
			children = (
				74DD9C401E1CFE8D008420CF /* RCTHaMap.h */,
				74DD9C421E1CFE8D008420CF /* RCTHaMap.m */,
			);
			path = RCTHaMap;
			sourceTree = "<group>";
		};
		74DD9C4F1E1CFF11008420CF /* Framework */ = {
			isa = PBXGroup;
			children = (
				74DD9C5B1E1D0709008420CF /* Security.framework */,
				74DD9C591E1D06FF008420CF /* CoreTelephony.framework */,
				74DD9C571E1D06F7008420CF /* SystemConfiguration.framework */,
				74DD9C551E1D06F1008420CF /* JavaScriptCore.framework */,
				74DD9C501E1CFF11008420CF /* AMapFoundationKit.framework */,
				74DD9C511E1CFF11008420CF /* AMapLocationKit.framework */,
			);
			name = Framework;
			path = framework;
			sourceTree = "<group>";
		};
/* End PBXGroup section */

/* Begin PBXNativeTarget section */
		74DD9C3C1E1CFE8D008420CF /* RCTHaMap */ = {
			isa = PBXNativeTarget;
			buildConfigurationList = 74DD9C461E1CFE8D008420CF /* Build configuration list for PBXNativeTarget "RCTHaMap" */;
			buildPhases = (
				74DD9C391E1CFE8D008420CF /* Sources */,
				74DD9C3A1E1CFE8D008420CF /* Frameworks */,
				74DD9C3B1E1CFE8D008420CF /* CopyFiles */,
			);
			buildRules = (
			);
			dependencies = (
			);
			name = RCTHaMap;
			productName = RCTHaMap;
			productReference = 74DD9C3D1E1CFE8D008420CF /* libRCTHaMap.a */;
			productType = "com.apple.product-type.library.static";
		};
/* End PBXNativeTarget section */

/* Begin PBXProject section */
		74DD9C351E1CFE8D008420CF /* Project object */ = {
			isa = PBXProject;
			attributes = {
				LastUpgradeCheck = 0730;
				ORGANIZATIONNAME = Hank;
				TargetAttributes = {
					74DD9C3C1E1CFE8D008420CF = {
						CreatedOnToolsVersion = 7.3.1;
					};
				};
			};
			buildConfigurationList = 74DD9C381E1CFE8D008420CF /* Build configuration list for PBXProject "RCTHaMap" */;
			compatibilityVersion = "Xcode 3.2";
			developmentRegion = English;
			hasScannedForEncodings = 0;
			knownRegions = (
				en,
			);
			mainGroup = 74DD9C341E1CFE8D008420CF;
			productRefGroup = 74DD9C3E1E1CFE8D008420CF /* Products */;
			projectDirPath = "";
			projectRoot = "";
			targets = (
				74DD9C3C1E1CFE8D008420CF /* RCTHaMap */,
			);
		};
/* End PBXProject section */

/* Begin PBXSourcesBuildPhase section */
		74DD9C391E1CFE8D008420CF /* Sources */ = {
			isa = PBXSourcesBuildPhase;
			buildActionMask = 2147483647;
			files = (
				74DD9C431E1CFE8D008420CF /* RCTHaMap.m in Sources */,
			);
			runOnlyForDeploymentPostprocessing = 0;
		};
/* End PBXSourcesBuildPhase section */

/* Begin XCBuildConfiguration section */
		74DD9C441E1CFE8D008420CF /* Debug */ = {
			isa = XCBuildConfiguration;
			buildSettings = {
				ALWAYS_SEARCH_USER_PATHS = NO;
				CLANG_ANALYZER_NONNULL = YES;
				CLANG_CXX_LANGUAGE_STANDARD = "gnu++0x";
				CLANG_CXX_LIBRARY = "libc++";
				CLANG_ENABLE_MODULES = YES;
				CLANG_ENABLE_OBJC_ARC = YES;
				CLANG_WARN_BOOL_CONVERSION = YES;
				CLANG_WARN_CONSTANT_CONVERSION = YES;
				CLANG_WARN_DIRECT_OBJC_ISA_USAGE = YES_ERROR;
				CLANG_WARN_EMPTY_BODY = YES;
				CLANG_WARN_ENUM_CONVERSION = YES;
				CLANG_WARN_INT_CONVERSION = YES;
				CLANG_WARN_OBJC_ROOT_CLASS = YES_ERROR;
				CLANG_WARN_UNREACHABLE_CODE = YES;
				CLANG_WARN__DUPLICATE_METHOD_MATCH = YES;
				"CODE_SIGN_IDENTITY[sdk=iphoneos*]" = "iPhone Developer";
				COPY_PHASE_STRIP = NO;
				DEBUG_INFORMATION_FORMAT = dwarf;
				ENABLE_STRICT_OBJC_MSGSEND = YES;
				ENABLE_TESTABILITY = YES;
				GCC_C_LANGUAGE_STANDARD = gnu99;
				GCC_DYNAMIC_NO_PIC = NO;
				GCC_NO_COMMON_BLOCKS = YES;
				GCC_OPTIMIZATION_LEVEL = 0;
				GCC_PREPROCESSOR_DEFINITIONS = (
					"DEBUG=1",
					"$(inherited)",
				);
				GCC_WARN_64_TO_32_BIT_CONVERSION = YES;
				GCC_WARN_ABOUT_RETURN_TYPE = YES_ERROR;
				GCC_WARN_UNDECLARED_SELECTOR = YES;
				GCC_WARN_UNINITIALIZED_AUTOS = YES_AGGRESSIVE;
				GCC_WARN_UNUSED_FUNCTION = YES;
				GCC_WARN_UNUSED_VARIABLE = YES;
				IPHONEOS_DEPLOYMENT_TARGET = 9.3;
				MTL_ENABLE_DEBUG_INFO = YES;
				ONLY_ACTIVE_ARCH = YES;
				SDKROOT = iphoneos;
			};
			name = Debug;
		};
		74DD9C451E1CFE8D008420CF /* Release */ = {
			isa = XCBuildConfiguration;
			buildSettings = {
				ALWAYS_SEARCH_USER_PATHS = NO;
				CLANG_ANALYZER_NONNULL = YES;
				CLANG_CXX_LANGUAGE_STANDARD = "gnu++0x";
				CLANG_CXX_LIBRARY = "libc++";
				CLANG_ENABLE_MODULES = YES;
				CLANG_ENABLE_OBJC_ARC = YES;
				CLANG_WARN_BOOL_CONVERSION = YES;
				CLANG_WARN_CONSTANT_CONVERSION = YES;
				CLANG_WARN_DIRECT_OBJC_ISA_USAGE = YES_ERROR;
				CLANG_WARN_EMPTY_BODY = YES;
				CLANG_WARN_ENUM_CONVERSION = YES;
				CLANG_WARN_INT_CONVERSION = YES;
				CLANG_WARN_OBJC_ROOT_CLASS = YES_ERROR;
				CLANG_WARN_UNREACHABLE_CODE = YES;
				CLANG_WARN__DUPLICATE_METHOD_MATCH = YES;
				"CODE_SIGN_IDENTITY[sdk=iphoneos*]" = "iPhone Developer";
				COPY_PHASE_STRIP = NO;
				DEBUG_INFORMATION_FORMAT = "dwarf-with-dsym";
				ENABLE_NS_ASSERTIONS = NO;
				ENABLE_STRICT_OBJC_MSGSEND = YES;
				GCC_C_LANGUAGE_STANDARD = gnu99;
				GCC_NO_COMMON_BLOCKS = YES;
				GCC_WARN_64_TO_32_BIT_CONVERSION = YES;
				GCC_WARN_ABOUT_RETURN_TYPE = YES_ERROR;
				GCC_WARN_UNDECLARED_SELECTOR = YES;
				GCC_WARN_UNINITIALIZED_AUTOS = YES_AGGRESSIVE;
				GCC_WARN_UNUSED_FUNCTION = YES;
				GCC_WARN_UNUSED_VARIABLE = YES;
				IPHONEOS_DEPLOYMENT_TARGET = 9.3;
				MTL_ENABLE_DEBUG_INFO = NO;
				SDKROOT = iphoneos;
				VALIDATE_PRODUCT = YES;
			};
			name = Release;
		};
		74DD9C471E1CFE8D008420CF /* Debug */ = {
			isa = XCBuildConfiguration;
			buildSettings = {
				FRAMEWORK_SEARCH_PATHS = (
					"$(inherited)",
					"$(PROJECT_DIR)/Framework",
				);
				HEADER_SEARCH_PATHS = "$(SRCROOT)/../../react-native/React/**";
				OTHER_LDFLAGS = "-ObjC";
				PRODUCT_NAME = "$(TARGET_NAME)";
				SKIP_INSTALL = YES;
			};
			name = Debug;
		};
		74DD9C481E1CFE8D008420CF /* Release */ = {
			isa = XCBuildConfiguration;
			buildSettings = {
				FRAMEWORK_SEARCH_PATHS = (
					"$(inherited)",
					"$(PROJECT_DIR)/Framework",
				);
				HEADER_SEARCH_PATHS = "$(SRCROOT)/../../react-native/React/**";
				OTHER_LDFLAGS = "-ObjC";
				PRODUCT_NAME = "$(TARGET_NAME)";
				SKIP_INSTALL = YES;
			};
			name = Release;
		};
/* End XCBuildConfiguration section */

/* Begin XCConfigurationList section */
		74DD9C381E1CFE8D008420CF /* Build configuration list for PBXProject "RCTHaMap" */ = {
			isa = XCConfigurationList;
			buildConfigurations = (
				74DD9C441E1CFE8D008420CF /* Debug */,
				74DD9C451E1CFE8D008420CF /* Release */,
			);
			defaultConfigurationIsVisible = 0;
			defaultConfigurationName = Release;
		};
		74DD9C461E1CFE8D008420CF /* Build configuration list for PBXNativeTarget "RCTHaMap" */ = {
			isa = XCConfigurationList;
			buildConfigurations = (
				74DD9C471E1CFE8D008420CF /* Debug */,
				74DD9C481E1CFE8D008420CF /* Release */,
			);
			defaultConfigurationIsVisible = 0;
			defaultConfigurationName = Release;
		};
/* End XCConfigurationList section */
	};
	rootObject = 74DD9C351E1CFE8D008420CF /* Project object */;
}
